
Microsoft Visual Studio Solution File, Format Version 12.00
# Visual Studio Version 16
VisualStudioVersion = 16.0.31624.102
MinimumVisualStudioVersion = 10.0.40219.1
Project("{8BC9CEB8-8B4A-11D0-8D11-00A0C91BC942}") = "TrackingReporter", "TrackingReporter\TrackingReporter.vcxproj", "{A777639C-6DEA-4BB9-82BE-88F09E6AC18F}"
EndProject
Global
	GlobalSection(SolutionConfigurationPlatforms) = preSolution
		Debug|x64 = Debug|x64
		Debug|x86 = Debug|x86
		Release|x64 = Release|x64
		Release|x86 = Release|x86
	EndGlobalSection
	GlobalSection(ProjectConfigurationPlatforms) = postSolution
		{A777639C-6DEA-4BB9-82BE-88F09E6AC18F}.Debug|x64.ActiveCfg = Debug|x64
		{A777639C-6DEA-4BB9-82BE-88F09E6AC18F}.Debug|x64.Build.0 = Debug|x64
		{A777639C-6DEA-4BB9-82BE-88F09E6AC18F}.Debug|x86.ActiveCfg = Debug|Win32
		{A777639C-6DEA-4BB9-82BE-88F09E6AC18F}.Debug|x86.Build.0 = Debug|Win32
		{A777639C-6DEA-4BB9-82BE-88F09E6AC18F}.Release|x64.ActiveCfg = Release|x64
		{A777639C-6DEA-4BB9-82BE-88F09E6AC18F}.Release|x64.Build.0 = Release|x64
		{A777639C-6DEA-4BB9-82BE-88F09E6AC18F}.Release|x86.ActiveCfg = Release|Win32
		{A777639C-6DEA-4BB9-82BE-88F09E6AC18F}.Release|x86.Build.0 = Release|Win32
	EndGlobalSection
	GlobalSection(SolutionProperties) = preSolution
		HideSolutionNode = FALSE
	EndGlobalSection
	GlobalSection(ExtensibilityGlobals) = postSolution
		SolutionGuid = {16A93AA7-9B09-473D-A359-E78EAF1DAC4A}
	EndGlobalSection
EndGlobal
